
Microsoft Visual Studio Solution File, Format Version 12.00
# Visual Studio Version 17
VisualStudioVersion = 17.3.32922.545
MinimumVisualStudioVersion = 10.0.40219.1
Project("{9A19103F-16F7-4668-BE54-9A1E7A4F7556}") = "PdfMerger", "PdfMerger\PdfMerger.csproj", "{384159EA-BEA0-4BB3-9033-C070E5F4AD80}"
EndProject
Project("{2150E333-8FDC-42A3-9474-1A3956D46DE8}") = "Elementos de la solución", "Elementos de la solución", "{EB6DE87A-2CD7-4CC7-84F7-515E08FEB7BB}"
	ProjectSection(SolutionItems) = preProject
		.github\workflows\cd.yaml = .github\workflows\cd.yaml
		readme.md = readme.md
	EndProjectSection
EndProject
Global
	GlobalSection(SolutionConfigurationPlatforms) = preSolution
		Debug|Any CPU = Debug|Any CPU
		Release|Any CPU = Release|Any CPU
	EndGlobalSection
	GlobalSection(ProjectConfigurationPlatforms) = postSolution
		{384159EA-BEA0-4BB3-9033-C070E5F4AD80}.Debug|Any CPU.ActiveCfg = Debug|Any CPU
		{384159EA-BEA0-4BB3-9033-C070E5F4AD80}.Debug|Any CPU.Build.0 = Debug|Any CPU
		{384159EA-BEA0-4BB3-9033-C070E5F4AD80}.Release|Any CPU.ActiveCfg = Release|Any CPU
		{384159EA-BEA0-4BB3-9033-C070E5F4AD80}.Release|Any CPU.Build.0 = Release|Any CPU
	EndGlobalSection
	GlobalSection(SolutionProperties) = preSolution
		HideSolutionNode = FALSE
	EndGlobalSection
	GlobalSection(ExtensibilityGlobals) = postSolution
		SolutionGuid = {BA645D6B-58E9-4878-84D0-1ED44AB7C086}
	EndGlobalSection
EndGlobal
